
Microsoft Visual Studio Solution File, Format Version 12.00
# Visual Studio Version 16
VisualStudioVersion = 16.0.32106.194
MinimumVisualStudioVersion = 10.0.40219.1
Project("{FAE04EC0-301F-11D3-BF4B-00C04F79EFBC}") = "MagicGame", "MagicGame.csproj", "{056764FB-2A98-4C91-AEAB-1D450593426B}"
EndProject
Global
	GlobalSection(SolutionConfigurationPlatforms) = preSolution
		Debug|Any CPU = Debug|Any CPU
		Release|Any CPU = Release|Any CPU
	EndGlobalSection
	GlobalSection(ProjectConfigurationPlatforms) = postSolution
		{056764FB-2A98-4C91-AEAB-1D450593426B}.Debug|Any CPU.ActiveCfg = Debug|Any CPU
		{056764FB-2A98-4C91-AEAB-1D450593426B}.Debug|Any CPU.Build.0 = Debug|Any CPU
		{056764FB-2A98-4C91-AEAB-1D450593426B}.Release|Any CPU.ActiveCfg = Release|Any CPU
		{056764FB-2A98-4C91-AEAB-1D450593426B}.Release|Any CPU.Build.0 = Release|Any CPU
	EndGlobalSection
	GlobalSection(SolutionProperties) = preSolution
		HideSolutionNode = FALSE
	EndGlobalSection
	GlobalSection(ExtensibilityGlobals) = postSolution
		SolutionGuid = {A2461A1F-D1B6-4AB5-A698-A1052B40CDE8}
	EndGlobalSection
EndGlobal
